// !$*UTF8*$!
{
	archiveVersion = 1;
	classes = {
	};
	objectVersion = 51;
	objects = {

/* Begin PBXBuildFile section */
		279D7FD0D43E4D1058BF7C91 /* Pods_Music_SwiftUI___Alamofire_.framework in Frameworks */ = {isa = PBXBuildFile; fileRef = 1D51F990A634CED08FC2AA69 /* Pods_Music_SwiftUI___Alamofire_.framework */; };
		7471426926185BD800EBF655 /* AppDelegate.swift in Sources */ = {isa = PBXBuildFile; fileRef = 7471426826185BD800EBF655 /* AppDelegate.swift */; };
		7471426B26185BD800EBF655 /* SceneDelegate.swift in Sources */ = {isa = PBXBuildFile; fileRef = 7471426A26185BD800EBF655 /* SceneDelegate.swift */; };
		7471426D26185BD800EBF655 /* LibraryViewController.swift in Sources */ = {isa = PBXBuildFile; fileRef = 7471426C26185BD800EBF655 /* LibraryViewController.swift */; };
		7471427026185BD800EBF655 /* Main.storyboard in Resources */ = {isa = PBXBuildFile; fileRef = 7471426E26185BD800EBF655 /* Main.storyboard */; };
		7471427226185BDB00EBF655 /* Assets.xcassets in Resources */ = {isa = PBXBuildFile; fileRef = 7471427126185BDB00EBF655 /* Assets.xcassets */; };
		7471427526185BDB00EBF655 /* LaunchScreen.storyboard in Resources */ = {isa = PBXBuildFile; fileRef = 7471427326185BDB00EBF655 /* LaunchScreen.storyboard */; };
		7471427E26185C6900EBF655 /* MainTabBarController.swift in Sources */ = {isa = PBXBuildFile; fileRef = 7471427D26185C6900EBF655 /* MainTabBarController.swift */; };
		7471428226185EDC00EBF655 /* SearchViewController.swift in Sources */ = {isa = PBXBuildFile; fileRef = 7471428126185EDC00EBF655 /* SearchViewController.swift */; };
		74EFDCDF2618A63200532F3E /* SearchResponse.swift in Sources */ = {isa = PBXBuildFile; fileRef = 74EFDCDE2618A63200532F3E /* SearchResponse.swift */; };
		74EFDCE52618B28D00532F3E /* NetworkService.swift in Sources */ = {isa = PBXBuildFile; fileRef = 74EFDCE42618B28D00532F3E /* NetworkService.swift */; };
/* End PBXBuildFile section */

/* Begin PBXFileReference section */
		066BD1009F0DFF1338B40FC1 /* Pods-Music(SwiftUI + Alamofire).debug.xcconfig */ = {isa = PBXFileReference; includeInIndex = 1; lastKnownFileType = text.xcconfig; name = "Pods-Music(SwiftUI + Alamofire).debug.xcconfig"; path = "Target Support Files/Pods-Music(SwiftUI + Alamofire)/Pods-Music(SwiftUI + Alamofire).debug.xcconfig"; sourceTree = "<group>"; };
		1BAD53AB6F4C1E27E8D4CE9A /* Pods-Music(SwiftUI + Alamofire).release.xcconfig */ = {isa = PBXFileReference; includeInIndex = 1; lastKnownFileType = text.xcconfig; name = "Pods-Music(SwiftUI + Alamofire).release.xcconfig"; path = "Target Support Files/Pods-Music(SwiftUI + Alamofire)/Pods-Music(SwiftUI + Alamofire).release.xcconfig"; sourceTree = "<group>"; };
		1D51F990A634CED08FC2AA69 /* Pods_Music_SwiftUI___Alamofire_.framework */ = {isa = PBXFileReference; explicitFileType = wrapper.framework; includeInIndex = 0; path = "Pods_Music_SwiftUI___Alamofire_.framework"; sourceTree = BUILT_PRODUCTS_DIR; };
		7471426526185BD800EBF655 /* Music(SwiftUI + Alamofire).app */ = {isa = PBXFileReference; explicitFileType = wrapper.application; includeInIndex = 0; path = "Music(SwiftUI + Alamofire).app"; sourceTree = BUILT_PRODUCTS_DIR; };
		7471426826185BD800EBF655 /* AppDelegate.swift */ = {isa = PBXFileReference; lastKnownFileType = sourcecode.swift; path = AppDelegate.swift; sourceTree = "<group>"; };
		7471426A26185BD800EBF655 /* SceneDelegate.swift */ = {isa = PBXFileReference; lastKnownFileType = sourcecode.swift; path = SceneDelegate.swift; sourceTree = "<group>"; };
		7471426C26185BD800EBF655 /* LibraryViewController.swift */ = {isa = PBXFileReference; lastKnownFileType = sourcecode.swift; path = LibraryViewController.swift; sourceTree = "<group>"; };
		7471426F26185BD800EBF655 /* Base */ = {isa = PBXFileReference; lastKnownFileType = file.storyboard; name = Base; path = Base.lproj/Main.storyboard; sourceTree = "<group>"; };
		7471427126185BDB00EBF655 /* Assets.xcassets */ = {isa = PBXFileReference; lastKnownFileType = folder.assetcatalog; path = Assets.xcassets; sourceTree = "<group>"; };
		7471427426185BDB00EBF655 /* Base */ = {isa = PBXFileReference; lastKnownFileType = file.storyboard; name = Base; path = Base.lproj/LaunchScreen.storyboard; sourceTree = "<group>"; };
		7471427626185BDB00EBF655 /* Info.plist */ = {isa = PBXFileReference; lastKnownFileType = text.plist.xml; path = Info.plist; sourceTree = "<group>"; };
		7471427D26185C6900EBF655 /* MainTabBarController.swift */ = {isa = PBXFileReference; lastKnownFileType = sourcecode.swift; path = MainTabBarController.swift; sourceTree = "<group>"; };
		7471428126185EDC00EBF655 /* SearchViewController.swift */ = {isa = PBXFileReference; lastKnownFileType = sourcecode.swift; path = SearchViewController.swift; sourceTree = "<group>"; };
		74EFDCDE2618A63200532F3E /* SearchResponse.swift */ = {isa = PBXFileReference; lastKnownFileType = sourcecode.swift; path = SearchResponse.swift; sourceTree = "<group>"; };
		74EFDCE42618B28D00532F3E /* NetworkService.swift */ = {isa = PBXFileReference; lastKnownFileType = sourcecode.swift; path = NetworkService.swift; sourceTree = "<group>"; };
/* End PBXFileReference section */

/* Begin PBXFrameworksBuildPhase section */
		7471426226185BD800EBF655 /* Frameworks */ = {
			isa = PBXFrameworksBuildPhase;
			buildActionMask = 2147483647;
			files = (
				279D7FD0D43E4D1058BF7C91 /* Pods_Music_SwiftUI___Alamofire_.framework in Frameworks */,
			);
			runOnlyForDeploymentPostprocessing = 0;
		};
/* End PBXFrameworksBuildPhase section */

/* Begin PBXGroup section */
		7471425C26185BD800EBF655 = {
			isa = PBXGroup;
			children = (
				7471426726185BD800EBF655 /* Music(SwiftUI + Alamofire) */,
				7471426626185BD800EBF655 /* Products */,
				8A7102FF2DF14B2920548F70 /* Pods */,
				7A50018365826819DB585276 /* Frameworks */,
			);
			sourceTree = "<group>";
		};
		7471426626185BD800EBF655 /* Products */ = {
			isa = PBXGroup;
			children = (
				7471426526185BD800EBF655 /* Music(SwiftUI + Alamofire).app */,
			);
			name = Products;
			sourceTree = "<group>";
		};
		7471426726185BD800EBF655 /* Music(SwiftUI + Alamofire) */ = {
			isa = PBXGroup;
			children = (
				7471426826185BD800EBF655 /* AppDelegate.swift */,
				7471426A26185BD800EBF655 /* SceneDelegate.swift */,
				7471426C26185BD800EBF655 /* LibraryViewController.swift */,
				7471427D26185C6900EBF655 /* MainTabBarController.swift */,
				7471428126185EDC00EBF655 /* SearchViewController.swift */,
				74EFDCE42618B28D00532F3E /* NetworkService.swift */,
				74EFDCDE2618A63200532F3E /* SearchResponse.swift */,
				7471426E26185BD800EBF655 /* Main.storyboard */,
				7471427126185BDB00EBF655 /* Assets.xcassets */,
				7471427326185BDB00EBF655 /* LaunchScreen.storyboard */,
				7471427626185BDB00EBF655 /* Info.plist */,
			);
			path = "Music(SwiftUI + Alamofire)";
			sourceTree = "<group>";
		};
		7A50018365826819DB585276 /* Frameworks */ = {
			isa = PBXGroup;
			children = (
				1D51F990A634CED08FC2AA69 /* Pods_Music_SwiftUI___Alamofire_.framework */,
			);
			name = Frameworks;
			sourceTree = "<group>";
		};
		8A7102FF2DF14B2920548F70 /* Pods */ = {
			isa = PBXGroup;
			children = (
				066BD1009F0DFF1338B40FC1 /* Pods-Music(SwiftUI + Alamofire).debug.xcconfig */,
				1BAD53AB6F4C1E27E8D4CE9A /* Pods-Music(SwiftUI + Alamofire).release.xcconfig */,
			);
			path = Pods;
			sourceTree = "<group>";
		};
/* End PBXGroup section */

/* Begin PBXNativeTarget section */
		7471426426185BD800EBF655 /* Music(SwiftUI + Alamofire) */ = {
			isa = PBXNativeTarget;
			buildConfigurationList = 7471427926185BDB00EBF655 /* Build configuration list for PBXNativeTarget "Music(SwiftUI + Alamofire)" */;
			buildPhases = (
				BE0C6CA267371212DD62BD37 /* [CP] Check Pods Manifest.lock */,
				7471426126185BD800EBF655 /* Sources */,
				7471426226185BD800EBF655 /* Frameworks */,
				7471426326185BD800EBF655 /* Resources */,
				757F0D122365C1A8A5749772 /* [CP] Embed Pods Frameworks */,
			);
			buildRules = (
			);
			dependencies = (
			);
			name = "Music(SwiftUI + Alamofire)";
			productName = "Music(SwiftUI + Alamofire)";
			productReference = 7471426526185BD800EBF655 /* Music(SwiftUI + Alamofire).app */;
			productType = "com.apple.product-type.application";
		};
/* End PBXNativeTarget section */

/* Begin PBXProject section */
		7471425D26185BD800EBF655 /* Project object */ = {
			isa = PBXProject;
			attributes = {
				LastSwiftUpdateCheck = 1240;
				LastUpgradeCheck = 1240;
				TargetAttributes = {
					7471426426185BD800EBF655 = {
						CreatedOnToolsVersion = 12.4;
					};
				};
			};
			buildConfigurationList = 7471426026185BD800EBF655 /* Build configuration list for PBXProject "Music(SwiftUI + Alamofire)" */;
			compatibilityVersion = "Xcode 9.3";
			developmentRegion = en;
			hasScannedForEncodings = 0;
			knownRegions = (
				en,
				Base,
			);
			mainGroup = 7471425C26185BD800EBF655;
			productRefGroup = 7471426626185BD800EBF655 /* Products */;
			projectDirPath = "";
			projectRoot = "";
			targets = (
				7471426426185BD800EBF655 /* Music(SwiftUI + Alamofire) */,
			);
		};
/* End PBXProject section */

/* Begin PBXResourcesBuildPhase section */
		7471426326185BD800EBF655 /* Resources */ = {
			isa = PBXResourcesBuildPhase;
			buildActionMask = 2147483647;
			files = (
				7471427526185BDB00EBF655 /* LaunchScreen.storyboard in Resources */,
				7471427226185BDB00EBF655 /* Assets.xcassets in Resources */,
				7471427026185BD800EBF655 /* Main.storyboard in Resources */,
			);
			runOnlyForDeploymentPostprocessing = 0;
		};
/* End PBXResourcesBuildPhase section */

/* Begin PBXShellScriptBuildPhase section */
		757F0D122365C1A8A5749772 /* [CP] Embed Pods Frameworks */ = {
			isa = PBXShellScriptBuildPhase;
			buildActionMask = 2147483647;
			files = (
			);
			inputFileListPaths = (
				"${PODS_ROOT}/Target Support Files/Pods-Music(SwiftUI + Alamofire)/Pods-Music(SwiftUI + Alamofire)-frameworks-${CONFIGURATION}-input-files.xcfilelist",
			);
			name = "[CP] Embed Pods Frameworks";
			outputFileListPaths = (
				"${PODS_ROOT}/Target Support Files/Pods-Music(SwiftUI + Alamofire)/Pods-Music(SwiftUI + Alamofire)-frameworks-${CONFIGURATION}-output-files.xcfilelist",
			);
			runOnlyForDeploymentPostprocessing = 0;
			shellPath = /bin/sh;
			shellScript = "\"${PODS_ROOT}/Target Support Files/Pods-Music(SwiftUI + Alamofire)/Pods-Music(SwiftUI + Alamofire)-frameworks.sh\"\n";
			showEnvVarsInLog = 0;
		};
		BE0C6CA267371212DD62BD37 /* [CP] Check Pods Manifest.lock */ = {
			isa = PBXShellScriptBuildPhase;
			buildActionMask = 2147483647;
			files = (
			);
			inputFileListPaths = (
			);
			inputPaths = (
				"${PODS_PODFILE_DIR_PATH}/Podfile.lock",
				"${PODS_ROOT}/Manifest.lock",
			);
			name = "[CP] Check Pods Manifest.lock";
			outputFileListPaths = (
			);
			outputPaths = (
				"$(DERIVED_FILE_DIR)/Pods-Music(SwiftUI + Alamofire)-checkManifestLockResult.txt",
			);
			runOnlyForDeploymentPostprocessing = 0;
			shellPath = /bin/sh;
			shellScript = "diff \"${PODS_PODFILE_DIR_PATH}/Podfile.lock\" \"${PODS_ROOT}/Manifest.lock\" > /dev/null\nif [ $? != 0 ] ; then\n    # print error to STDERR\n    echo \"error: The sandbox is not in sync with the Podfile.lock. Run 'pod install' or update your CocoaPods installation.\" >&2\n    exit 1\nfi\n# This output is used by Xcode 'outputs' to avoid re-running this script phase.\necho \"SUCCESS\" > \"${SCRIPT_OUTPUT_FILE_0}\"\n";
			showEnvVarsInLog = 0;
		};
/* End PBXShellScriptBuildPhase section */

/* Begin PBXSourcesBuildPhase section */
		7471426126185BD800EBF655 /* Sources */ = {
			isa = PBXSourcesBuildPhase;
			buildActionMask = 2147483647;
			files = (
				7471428226185EDC00EBF655 /* SearchViewController.swift in Sources */,
				7471426D26185BD800EBF655 /* LibraryViewController.swift in Sources */,
				74EFDCDF2618A63200532F3E /* SearchResponse.swift in Sources */,
				7471426926185BD800EBF655 /* AppDelegate.swift in Sources */,
				7471427E26185C6900EBF655 /* MainTabBarController.swift in Sources */,
				7471426B26185BD800EBF655 /* SceneDelegate.swift in Sources */,
				74EFDCE52618B28D00532F3E /* NetworkService.swift in Sources */,
			);
			runOnlyForDeploymentPostprocessing = 0;
		};
/* End PBXSourcesBuildPhase section */

/* Begin PBXVariantGroup section */
		7471426E26185BD800EBF655 /* Main.storyboard */ = {
			isa = PBXVariantGroup;
			children = (
				7471426F26185BD800EBF655 /* Base */,
			);
			name = Main.storyboard;
			sourceTree = "<group>";
		};
		7471427326185BDB00EBF655 /* LaunchScreen.storyboard */ = {
			isa = PBXVariantGroup;
			children = (
				7471427426185BDB00EBF655 /* Base */,
			);
			name = LaunchScreen.storyboard;
			sourceTree = "<group>";
		};
/* End PBXVariantGroup section */

/* Begin XCBuildConfiguration section */
		7471427726185BDB00EBF655 /* Debug */ = {
			isa = XCBuildConfiguration;
			buildSettings = {
				ALWAYS_SEARCH_USER_PATHS = NO;
				CLANG_ANALYZER_NONNULL = YES;
				CLANG_ANALYZER_NUMBER_OBJECT_CONVERSION = YES_AGGRESSIVE;
				CLANG_CXX_LANGUAGE_STANDARD = "gnu++14";
				CLANG_CXX_LIBRARY = "libc++";
				CLANG_ENABLE_MODULES = YES;
				CLANG_ENABLE_OBJC_ARC = YES;
				CLANG_ENABLE_OBJC_WEAK = YES;
				CLANG_WARN_BLOCK_CAPTURE_AUTORELEASING = YES;
				CLANG_WARN_BOOL_CONVERSION = YES;
				CLANG_WARN_COMMA = YES;
				CLANG_WARN_CONSTANT_CONVERSION = YES;
				CLANG_WARN_DEPRECATED_OBJC_IMPLEMENTATIONS = YES;
				CLANG_WARN_DIRECT_OBJC_ISA_USAGE = YES_ERROR;
				CLANG_WARN_DOCUMENTATION_COMMENTS = YES;
				CLANG_WARN_EMPTY_BODY = YES;
				CLANG_WARN_ENUM_CONVERSION = YES;
				CLANG_WARN_INFINITE_RECURSION = YES;
				CLANG_WARN_INT_CONVERSION = YES;
				CLANG_WARN_NON_LITERAL_NULL_CONVERSION = YES;
				CLANG_WARN_OBJC_IMPLICIT_RETAIN_SELF = YES;
				CLANG_WARN_OBJC_LITERAL_CONVERSION = YES;
				CLANG_WARN_OBJC_ROOT_CLASS = YES_ERROR;
				CLANG_WARN_QUOTED_INCLUDE_IN_FRAMEWORK_HEADER = YES;
				CLANG_WARN_RANGE_LOOP_ANALYSIS = YES;
				CLANG_WARN_STRICT_PROTOTYPES = YES;
				CLANG_WARN_SUSPICIOUS_MOVE = YES;
				CLANG_WARN_UNGUARDED_AVAILABILITY = YES_AGGRESSIVE;
				CLANG_WARN_UNREACHABLE_CODE = YES;
				CLANG_WARN__DUPLICATE_METHOD_MATCH = YES;
				COPY_PHASE_STRIP = NO;
				DEBUG_INFORMATION_FORMAT = dwarf;
				ENABLE_STRICT_OBJC_MSGSEND = YES;
				ENABLE_TESTABILITY = YES;
				GCC_C_LANGUAGE_STANDARD = gnu11;
				GCC_DYNAMIC_NO_PIC = NO;
				GCC_NO_COMMON_BLOCKS = YES;
				GCC_OPTIMIZATION_LEVEL = 0;
				GCC_PREPROCESSOR_DEFINITIONS = (
					"DEBUG=1",
					"$(inherited)",
				);
				GCC_WARN_64_TO_32_BIT_CONVERSION = YES;
				GCC_WARN_ABOUT_RETURN_TYPE = YES_ERROR;
				GCC_WARN_UNDECLARED_SELECTOR = YES;
				GCC_WARN_UNINITIALIZED_AUTOS = YES_AGGRESSIVE;
				GCC_WARN_UNUSED_FUNCTION = YES;
				GCC_WARN_UNUSED_VARIABLE = YES;
				IPHONEOS_DEPLOYMENT_TARGET = 14.4;
				MTL_ENABLE_DEBUG_INFO = INCLUDE_SOURCE;
				MTL_FAST_MATH = YES;
				ONLY_ACTIVE_ARCH = YES;
				SDKROOT = iphoneos;
				SWIFT_ACTIVE_COMPILATION_CONDITIONS = DEBUG;
				SWIFT_OPTIMIZATION_LEVEL = "-Onone";
			};
			name = Debug;
		};
		7471427826185BDB00EBF655 /* Release */ = {
			isa = XCBuildConfiguration;
			buildSettings = {
				ALWAYS_SEARCH_USER_PATHS = NO;
				CLANG_ANALYZER_NONNULL = YES;
				CLANG_ANALYZER_NUMBER_OBJECT_CONVERSION = YES_AGGRESSIVE;
				CLANG_CXX_LANGUAGE_STANDARD = "gnu++14";
				CLANG_CXX_LIBRARY = "libc++";
				CLANG_ENABLE_MODULES = YES;
				CLANG_ENABLE_OBJC_ARC = YES;
				CLANG_ENABLE_OBJC_WEAK = YES;
				CLANG_WARN_BLOCK_CAPTURE_AUTORELEASING = YES;
				CLANG_WARN_BOOL_CONVERSION = YES;
				CLANG_WARN_COMMA = YES;
				CLANG_WARN_CONSTANT_CONVERSION = YES;
				CLANG_WARN_DEPRECATED_OBJC_IMPLEMENTATIONS = YES;
				CLANG_WARN_DIRECT_OBJC_ISA_USAGE = YES_ERROR;
				CLANG_WARN_DOCUMENTATION_COMMENTS = YES;
				CLANG_WARN_EMPTY_BODY = YES;
				CLANG_WARN_ENUM_CONVERSION = YES;
				CLANG_WARN_INFINITE_RECURSION = YES;
				CLANG_WARN_INT_CONVERSION = YES;
				CLANG_WARN_NON_LITERAL_NULL_CONVERSION = YES;
				CLANG_WARN_OBJC_IMPLICIT_RETAIN_SELF = YES;
				CLANG_WARN_OBJC_LITERAL_CONVERSION = YES;
				CLANG_WARN_OBJC_ROOT_CLASS = YES_ERROR;
				CLANG_WARN_QUOTED_INCLUDE_IN_FRAMEWORK_HEADER = YES;
				CLANG_WARN_RANGE_LOOP_ANALYSIS = YES;
				CLANG_WARN_STRICT_PROTOTYPES = YES;
				CLANG_WARN_SUSPICIOUS_MOVE = YES;
				CLANG_WARN_UNGUARDED_AVAILABILITY = YES_AGGRESSIVE;
				CLANG_WARN_UNREACHABLE_CODE = YES;
				CLANG_WARN__DUPLICATE_METHOD_MATCH = YES;
				COPY_PHASE_STRIP = NO;
				DEBUG_INFORMATION_FORMAT = "dwarf-with-dsym";
				ENABLE_NS_ASSERTIONS = NO;
				ENABLE_STRICT_OBJC_MSGSEND = YES;
				GCC_C_LANGUAGE_STANDARD = gnu11;
				GCC_NO_COMMON_BLOCKS = YES;
				GCC_WARN_64_TO_32_BIT_CONVERSION = YES;
				GCC_WARN_ABOUT_RETURN_TYPE = YES_ERROR;
				GCC_WARN_UNDECLARED_SELECTOR = YES;
				GCC_WARN_UNINITIALIZED_AUTOS = YES_AGGRESSIVE;
				GCC_WARN_UNUSED_FUNCTION = YES;
				GCC_WARN_UNUSED_VARIABLE = YES;
				IPHONEOS_DEPLOYMENT_TARGET = 14.4;
				MTL_ENABLE_DEBUG_INFO = NO;
				MTL_FAST_MATH = YES;
				SDKROOT = iphoneos;
				SWIFT_COMPILATION_MODE = wholemodule;
				SWIFT_OPTIMIZATION_LEVEL = "-O";
				VALIDATE_PRODUCT = YES;
			};
			name = Release;
		};
		7471427A26185BDB00EBF655 /* Debug */ = {
			isa = XCBuildConfiguration;
			baseConfigurationReference = 066BD1009F0DFF1338B40FC1 /* Pods-Music(SwiftUI + Alamofire).debug.xcconfig */;
			buildSettings = {
				ASSETCATALOG_COMPILER_APPICON_NAME = AppIcon;
				ASSETCATALOG_COMPILER_GLOBAL_ACCENT_COLOR_NAME = AccentColor;
				CODE_SIGN_STYLE = Automatic;
				DEVELOPMENT_TEAM = 9FX9R88448;
				INFOPLIST_FILE = "Music(SwiftUI + Alamofire)/Info.plist";
				LD_RUNPATH_SEARCH_PATHS = (
					"$(inherited)",
					"@executable_path/Frameworks",
				);
				PRODUCT_BUNDLE_IDENTIFIER = "com.istomin.mikhail.91.Music-SwiftUI---Alamofire-";
				PRODUCT_NAME = "$(TARGET_NAME)";
				SWIFT_VERSION = 5.0;
				TARGETED_DEVICE_FAMILY = "1,2";
			};
			name = Debug;
		};
		7471427B26185BDB00EBF655 /* Release */ = {
			isa = XCBuildConfiguration;
			baseConfigurationReference = 1BAD53AB6F4C1E27E8D4CE9A /* Pods-Music(SwiftUI + Alamofire).release.xcconfig */;
			buildSettings = {
				ASSETCATALOG_COMPILER_APPICON_NAME = AppIcon;
				ASSETCATALOG_COMPILER_GLOBAL_ACCENT_COLOR_NAME = AccentColor;
				CODE_SIGN_STYLE = Automatic;
				DEVELOPMENT_TEAM = 9FX9R88448;
				INFOPLIST_FILE = "Music(SwiftUI + Alamofire)/Info.plist";
				LD_RUNPATH_SEARCH_PATHS = (
					"$(inherited)",
					"@executable_path/Frameworks",
				);
				PRODUCT_BUNDLE_IDENTIFIER = "com.istomin.mikhail.91.Music-SwiftUI---Alamofire-";
				PRODUCT_NAME = "$(TARGET_NAME)";
				SWIFT_VERSION = 5.0;
				TARGETED_DEVICE_FAMILY = "1,2";
			};
			name = Release;
		};
/* End XCBuildConfiguration section */

/* Begin XCConfigurationList section */
		7471426026185BD800EBF655 /* Build configuration list for PBXProject "Music(SwiftUI + Alamofire)" */ = {
			isa = XCConfigurationList;
			buildConfigurations = (
				7471427726185BDB00EBF655 /* Debug */,
				7471427826185BDB00EBF655 /* Release */,
			);
			defaultConfigurationIsVisible = 0;
			defaultConfigurationName = Release;
		};
		7471427926185BDB00EBF655 /* Build configuration list for PBXNativeTarget "Music(SwiftUI + Alamofire)" */ = {
			isa = XCConfigurationList;
			buildConfigurations = (
				7471427A26185BDB00EBF655 /* Debug */,
				7471427B26185BDB00EBF655 /* Release */,
			);
			defaultConfigurationIsVisible = 0;
			defaultConfigurationName = Release;
		};
/* End XCConfigurationList section */
	};
	rootObject = 7471425D26185BD800EBF655 /* Project object */;
}
